
Microsoft Visual Studio Solution File, Format Version 12.00
# Visual Studio Version 17
VisualStudioVersion = 17.11.35222.181
MinimumVisualStudioVersion = 10.0.40219.1
Project("{9A19103F-16F7-4668-BE54-9A1E7A4F7556}") = "AttributeSample.UI", "Attribute.UI\AttributeSample.UI.csproj", "{9C777DA7-E047-4E75-8458-6E70A58E31CF}"
EndProject
Project("{9A19103F-16F7-4668-BE54-9A1E7A4F7556}") = "AttributeSample.Domain", "AttributeSample.Domain\AttributeSample.Domain.csproj", "{5D2E4BA4-FF5A-47F2-A015-3391CFBF597A}"
EndProject
Project("{2150E333-8FDC-42A3-9474-1A3956D46DE8}") = "src", "src", "{C3E618A4-A171-49DB-8504-6FDE03F94027}"
EndProject
Project("{2150E333-8FDC-42A3-9474-1A3956D46DE8}") = "test", "test", "{C0722FC4-2812-4187-BB9F-440BE0EF3EE0}"
EndProject
Project("{9A19103F-16F7-4668-BE54-9A1E7A4F7556}") = "Attribute.Sample.Core.Domain.Test", "Attribute.Sample.Core,Domain.Test\Attribute.Sample.Core.Domain.Test.csproj", "{C0F3F7A0-ADCF-482E-8502-425F61088615}"
EndProject
Project("{9A19103F-16F7-4668-BE54-9A1E7A4F7556}") = "AttributeSample.CustomAttributes", "Attribute.Sample.CustomAttributes\AttributeSample.CustomAttributes.csproj", "{A9E26314-ED2A-4ED2-811D-8B0B7B8D496D}"
EndProject
Project("{FAE04EC0-301F-11D3-BF4B-00C04F79EFBC}") = "AttributeSample.ReflectionUI", "Attribute.Sample.ReflectionUI\AttributeSample.ReflectionUI.csproj", "{B251C085-B04B-420D-B3B0-962B83DF6363}"
EndProject
Project("{FAE04EC0-301F-11D3-BF4B-00C04F79EFBC}") = "AttributeSample.DiscoveringMetaData", "AttributeSample.DiscoveringMetaData\AttributeSample.DiscoveringMetaData.csproj", "{B88A2584-75B3-4179-B371-977BEA8AD7F5}"
EndProject
Global
	GlobalSection(SolutionConfigurationPlatforms) = preSolution
		Debug|Any CPU = Debug|Any CPU
		Release|Any CPU = Release|Any CPU
	EndGlobalSection
	GlobalSection(ProjectConfigurationPlatforms) = postSolution
		{9C777DA7-E047-4E75-8458-6E70A58E31CF}.Debug|Any CPU.ActiveCfg = Debug|Any CPU
		{9C777DA7-E047-4E75-8458-6E70A58E31CF}.Debug|Any CPU.Build.0 = Debug|Any CPU
		{9C777DA7-E047-4E75-8458-6E70A58E31CF}.Release|Any CPU.ActiveCfg = Release|Any CPU
		{9C777DA7-E047-4E75-8458-6E70A58E31CF}.Release|Any CPU.Build.0 = Release|Any CPU
		{5D2E4BA4-FF5A-47F2-A015-3391CFBF597A}.Debug|Any CPU.ActiveCfg = Debug|Any CPU
		{5D2E4BA4-FF5A-47F2-A015-3391CFBF597A}.Debug|Any CPU.Build.0 = Debug|Any CPU
		{5D2E4BA4-FF5A-47F2-A015-3391CFBF597A}.Release|Any CPU.ActiveCfg = Release|Any CPU
		{5D2E4BA4-FF5A-47F2-A015-3391CFBF597A}.Release|Any CPU.Build.0 = Release|Any CPU
		{C0F3F7A0-ADCF-482E-8502-425F61088615}.Debug|Any CPU.ActiveCfg = Debug|Any CPU
		{C0F3F7A0-ADCF-482E-8502-425F61088615}.Debug|Any CPU.Build.0 = Debug|Any CPU
		{C0F3F7A0-ADCF-482E-8502-425F61088615}.Release|Any CPU.ActiveCfg = Release|Any CPU
		{C0F3F7A0-ADCF-482E-8502-425F61088615}.Release|Any CPU.Build.0 = Release|Any CPU
		{A9E26314-ED2A-4ED2-811D-8B0B7B8D496D}.Debug|Any CPU.ActiveCfg = Debug|Any CPU
		{A9E26314-ED2A-4ED2-811D-8B0B7B8D496D}.Debug|Any CPU.Build.0 = Debug|Any CPU
		{A9E26314-ED2A-4ED2-811D-8B0B7B8D496D}.Release|Any CPU.ActiveCfg = Release|Any CPU
		{A9E26314-ED2A-4ED2-811D-8B0B7B8D496D}.Release|Any CPU.Build.0 = Release|Any CPU
		{B251C085-B04B-420D-B3B0-962B83DF6363}.Debug|Any CPU.ActiveCfg = Debug|Any CPU
		{B251C085-B04B-420D-B3B0-962B83DF6363}.Debug|Any CPU.Build.0 = Debug|Any CPU
		{B251C085-B04B-420D-B3B0-962B83DF6363}.Release|Any CPU.ActiveCfg = Release|Any CPU
		{B251C085-B04B-420D-B3B0-962B83DF6363}.Release|Any CPU.Build.0 = Release|Any CPU
		{B88A2584-75B3-4179-B371-977BEA8AD7F5}.Debug|Any CPU.ActiveCfg = Debug|Any CPU
		{B88A2584-75B3-4179-B371-977BEA8AD7F5}.Debug|Any CPU.Build.0 = Debug|Any CPU
		{B88A2584-75B3-4179-B371-977BEA8AD7F5}.Release|Any CPU.ActiveCfg = Release|Any CPU
		{B88A2584-75B3-4179-B371-977BEA8AD7F5}.Release|Any CPU.Build.0 = Release|Any CPU
	EndGlobalSection
	GlobalSection(SolutionProperties) = preSolution
		HideSolutionNode = FALSE
	EndGlobalSection
	GlobalSection(NestedProjects) = preSolution
		{9C777DA7-E047-4E75-8458-6E70A58E31CF} = {C3E618A4-A171-49DB-8504-6FDE03F94027}
		{5D2E4BA4-FF5A-47F2-A015-3391CFBF597A} = {C3E618A4-A171-49DB-8504-6FDE03F94027}
		{C0F3F7A0-ADCF-482E-8502-425F61088615} = {C0722FC4-2812-4187-BB9F-440BE0EF3EE0}
		{A9E26314-ED2A-4ED2-811D-8B0B7B8D496D} = {C3E618A4-A171-49DB-8504-6FDE03F94027}
		{B251C085-B04B-420D-B3B0-962B83DF6363} = {C3E618A4-A171-49DB-8504-6FDE03F94027}
		{B88A2584-75B3-4179-B371-977BEA8AD7F5} = {C3E618A4-A171-49DB-8504-6FDE03F94027}
	EndGlobalSection
	GlobalSection(ExtensibilityGlobals) = postSolution
		SolutionGuid = {14DF3AB4-C76A-44CA-8BE6-B0EBB89CD507}
	EndGlobalSection
EndGlobal
